
Microsoft Visual Studio Solution File, Format Version 12.00
# Visual Studio Version 17
VisualStudioVersion = 17.4.33110.190
MinimumVisualStudioVersion = 10.0.40219.1
Project("{FAE04EC0-301F-11D3-BF4B-00C04F79EFBC}") = "CNSUniCore", "CNSUniCore\CNSUniCore.csproj", "{C10A8A2C-3924-4971-85C0-FA3B90B2408C}"
EndProject
Global
	GlobalSection(SolutionConfigurationPlatforms) = preSolution
		Debug|Any CPU = Debug|Any CPU
		Release|Any CPU = Release|Any CPU
	EndGlobalSection
	GlobalSection(ProjectConfigurationPlatforms) = postSolution
		{C10A8A2C-3924-4971-85C0-FA3B90B2408C}.Debug|Any CPU.ActiveCfg = Debug|Any CPU
		{C10A8A2C-3924-4971-85C0-FA3B90B2408C}.Debug|Any CPU.Build.0 = Debug|Any CPU
		{C10A8A2C-3924-4971-85C0-FA3B90B2408C}.Release|Any CPU.ActiveCfg = Release|Any CPU
		{C10A8A2C-3924-4971-85C0-FA3B90B2408C}.Release|Any CPU.Build.0 = Release|Any CPU
	EndGlobalSection
	GlobalSection(SolutionProperties) = preSolution
		HideSolutionNode = FALSE
	EndGlobalSection
	GlobalSection(ExtensibilityGlobals) = postSolution
		SolutionGuid = {E638F5F6-FEAA-459A-A8D0-D1503AC022DB}
	EndGlobalSection
EndGlobal
